
Microsoft Visual Studio Solution File, Format Version 12.00
# Visual Studio 15
VisualStudioVersion = 15.0.26430.16
MinimumVisualStudioVersion = 10.0.40219.1
Project("{FAE04EC0-301F-11D3-BF4B-00C04F79EFBC}") = "PioneerTech.WebApp", "PioneerTech.WebApp\PioneerTech.WebApp.csproj", "{0910090C-4F0F-4376-BAA3-A02901AB4B6C}"
EndProject
Project("{FAE04EC0-301F-11D3-BF4B-00C04F79EFBC}") = "PioneerTech.WebApp.Tests", "PioneerTech.WebApp.Tests\PioneerTech.WebApp.Tests.csproj", "{BA5A345F-DA1E-44C4-9A8D-795A9E6BAE63}"
EndProject
Global
	GlobalSection(SolutionConfigurationPlatforms) = preSolution
		Debug|Any CPU = Debug|Any CPU
		Release|Any CPU = Release|Any CPU
	EndGlobalSection
	GlobalSection(ProjectConfigurationPlatforms) = postSolution
		{0910090C-4F0F-4376-BAA3-A02901AB4B6C}.Debug|Any CPU.ActiveCfg = Debug|Any CPU
		{0910090C-4F0F-4376-BAA3-A02901AB4B6C}.Debug|Any CPU.Build.0 = Debug|Any CPU
		{0910090C-4F0F-4376-BAA3-A02901AB4B6C}.Release|Any CPU.ActiveCfg = Release|Any CPU
		{0910090C-4F0F-4376-BAA3-A02901AB4B6C}.Release|Any CPU.Build.0 = Release|Any CPU
		{BA5A345F-DA1E-44C4-9A8D-795A9E6BAE63}.Debug|Any CPU.ActiveCfg = Debug|Any CPU
		{BA5A345F-DA1E-44C4-9A8D-795A9E6BAE63}.Debug|Any CPU.Build.0 = Debug|Any CPU
		{BA5A345F-DA1E-44C4-9A8D-795A9E6BAE63}.Release|Any CPU.ActiveCfg = Release|Any CPU
		{BA5A345F-DA1E-44C4-9A8D-795A9E6BAE63}.Release|Any CPU.Build.0 = Release|Any CPU
	EndGlobalSection
	GlobalSection(SolutionProperties) = preSolution
		HideSolutionNode = FALSE
	EndGlobalSection
EndGlobal
